
Microsoft Visual Studio Solution File, Format Version 12.00
# Visual Studio Version 17
VisualStudioVersion = 17.5.33530.505
MinimumVisualStudioVersion = 10.0.40219.1
Project("{9A19103F-16F7-4668-BE54-9A1E7A4F7556}") = "TerraSticker", "TerraSticker.csproj", "{784EFE44-77CB-493F-B7B8-03F5DF791CD0}"
EndProject
Global
	GlobalSection(SolutionConfigurationPlatforms) = preSolution
		Debug|Any CPU = Debug|Any CPU
		Release|Any CPU = Release|Any CPU
	EndGlobalSection
	GlobalSection(ProjectConfigurationPlatforms) = postSolution
		{784EFE44-77CB-493F-B7B8-03F5DF791CD0}.Debug|Any CPU.ActiveCfg = Debug|Any CPU
		{784EFE44-77CB-493F-B7B8-03F5DF791CD0}.Debug|Any CPU.Build.0 = Debug|Any CPU
		{784EFE44-77CB-493F-B7B8-03F5DF791CD0}.Release|Any CPU.ActiveCfg = Release|Any CPU
		{784EFE44-77CB-493F-B7B8-03F5DF791CD0}.Release|Any CPU.Build.0 = Release|Any CPU
	EndGlobalSection
	GlobalSection(SolutionProperties) = preSolution
		HideSolutionNode = FALSE
	EndGlobalSection
	GlobalSection(ExtensibilityGlobals) = postSolution
		SolutionGuid = {D7E0BE0F-2338-4985-91EE-17EA8DFDDC30}
	EndGlobalSection
EndGlobal
